
Microsoft Visual Studio Solution File, Format Version 12.00
# Visual Studio Version 17
VisualStudioVersion = 17.7.34024.191
MinimumVisualStudioVersion = 10.0.40219.1
Project("{2150E333-8FDC-42A3-9474-1A3956D46DE8}") = "src", "src", "{BCE248B9-94AA-4C17-B2D0-E9C99FE06586}"
EndProject
Project("{9A19103F-16F7-4668-BE54-9A1E7A4F7556}") = "Portal_Delas", "src\Portal_Delas\Portal_Delas.csproj", "{A3856AD7-06FB-4A4B-ADBA-2BA0B20906E6}"
EndProject
Project("{FAE04EC0-301F-11D3-BF4B-00C04F79EFBC}") = "Core", "src\Core\Core.csproj", "{FA8E9DFA-61C7-4C9A-B435-69D93B0571DC}"
EndProject
Project("{FAE04EC0-301F-11D3-BF4B-00C04F79EFBC}") = "WebAPI", "src\WebAPI\WebAPI.csproj", "{1EC92138-4DB0-4E2B-8954-C0095CB2E256}"
EndProject
Global
	GlobalSection(SolutionConfigurationPlatforms) = preSolution
		Debug|Any CPU = Debug|Any CPU
		Release|Any CPU = Release|Any CPU
	EndGlobalSection
	GlobalSection(ProjectConfigurationPlatforms) = postSolution
		{A3856AD7-06FB-4A4B-ADBA-2BA0B20906E6}.Debug|Any CPU.ActiveCfg = Debug|Any CPU
		{A3856AD7-06FB-4A4B-ADBA-2BA0B20906E6}.Debug|Any CPU.Build.0 = Debug|Any CPU
		{A3856AD7-06FB-4A4B-ADBA-2BA0B20906E6}.Release|Any CPU.ActiveCfg = Release|Any CPU
		{A3856AD7-06FB-4A4B-ADBA-2BA0B20906E6}.Release|Any CPU.Build.0 = Release|Any CPU
		{FA8E9DFA-61C7-4C9A-B435-69D93B0571DC}.Debug|Any CPU.ActiveCfg = Debug|Any CPU
		{FA8E9DFA-61C7-4C9A-B435-69D93B0571DC}.Debug|Any CPU.Build.0 = Debug|Any CPU
		{FA8E9DFA-61C7-4C9A-B435-69D93B0571DC}.Release|Any CPU.ActiveCfg = Release|Any CPU
		{FA8E9DFA-61C7-4C9A-B435-69D93B0571DC}.Release|Any CPU.Build.0 = Release|Any CPU
		{1EC92138-4DB0-4E2B-8954-C0095CB2E256}.Debug|Any CPU.ActiveCfg = Debug|Any CPU
		{1EC92138-4DB0-4E2B-8954-C0095CB2E256}.Debug|Any CPU.Build.0 = Debug|Any CPU
		{1EC92138-4DB0-4E2B-8954-C0095CB2E256}.Release|Any CPU.ActiveCfg = Release|Any CPU
		{1EC92138-4DB0-4E2B-8954-C0095CB2E256}.Release|Any CPU.Build.0 = Release|Any CPU
	EndGlobalSection
	GlobalSection(SolutionProperties) = preSolution
		HideSolutionNode = FALSE
	EndGlobalSection
	GlobalSection(NestedProjects) = preSolution
		{A3856AD7-06FB-4A4B-ADBA-2BA0B20906E6} = {BCE248B9-94AA-4C17-B2D0-E9C99FE06586}
		{FA8E9DFA-61C7-4C9A-B435-69D93B0571DC} = {BCE248B9-94AA-4C17-B2D0-E9C99FE06586}
		{1EC92138-4DB0-4E2B-8954-C0095CB2E256} = {BCE248B9-94AA-4C17-B2D0-E9C99FE06586}
	EndGlobalSection
	GlobalSection(ExtensibilityGlobals) = postSolution
		SolutionGuid = {88E8D53E-5B6E-4704-8A1D-56B69186938D}
	EndGlobalSection
EndGlobal
